
Microsoft Visual Studio Solution File, Format Version 12.00
# Visual Studio Version 17
VisualStudioVersion = 17.5.33516.290
MinimumVisualStudioVersion = 10.0.40219.1
Project("{9A19103F-16F7-4668-BE54-9A1E7A4F7556}") = "ApiProcolombiaPQR.DATA", "ApiProcolombiaPQR.DATA\ApiProcolombiaPQR.DATA.csproj", "{DD3B3768-BC1B-482C-8148-A9374D873F28}"
EndProject
Project("{9A19103F-16F7-4668-BE54-9A1E7A4F7556}") = "ApiProcolombiaPQR.API", "ApiProcolombiaPQR.API\ApiProcolombiaPQR.API.csproj", "{93BF4886-E81C-436E-A0ED-117F5C144636}"
EndProject
Project("{9A19103F-16F7-4668-BE54-9A1E7A4F7556}") = "ApiProcolombiaPQR.ENTITY", "ApiProcolombiaPQR.ENTITY\ApiProcolombiaPQR.ENTITY.csproj", "{60221A80-4F6B-4050-9E5A-9B54C949D73F}"
EndProject
Project("{9A19103F-16F7-4668-BE54-9A1E7A4F7556}") = "ApiProcolombiaPQR.COMMON", "ApiProcolombiaPQR.COMMON\ApiProcolombiaPQR.COMMON.csproj", "{10DC05E7-4056-4017-9AF0-5E201C925942}"
EndProject
Project("{FAE04EC0-301F-11D3-BF4B-00C04F79EFBC}") = "PQRTest", "PQRTest\PQRTest.csproj", "{A0F11CFD-E65F-4113-8FDD-ED88833C4668}"
EndProject
Global
	GlobalSection(SolutionConfigurationPlatforms) = preSolution
		Debug|Any CPU = Debug|Any CPU
		Release|Any CPU = Release|Any CPU
	EndGlobalSection
	GlobalSection(ProjectConfigurationPlatforms) = postSolution
		{DD3B3768-BC1B-482C-8148-A9374D873F28}.Debug|Any CPU.ActiveCfg = Debug|Any CPU
		{DD3B3768-BC1B-482C-8148-A9374D873F28}.Debug|Any CPU.Build.0 = Debug|Any CPU
		{DD3B3768-BC1B-482C-8148-A9374D873F28}.Release|Any CPU.ActiveCfg = Release|Any CPU
		{DD3B3768-BC1B-482C-8148-A9374D873F28}.Release|Any CPU.Build.0 = Release|Any CPU
		{93BF4886-E81C-436E-A0ED-117F5C144636}.Debug|Any CPU.ActiveCfg = Debug|Any CPU
		{93BF4886-E81C-436E-A0ED-117F5C144636}.Debug|Any CPU.Build.0 = Debug|Any CPU
		{93BF4886-E81C-436E-A0ED-117F5C144636}.Release|Any CPU.ActiveCfg = Release|Any CPU
		{93BF4886-E81C-436E-A0ED-117F5C144636}.Release|Any CPU.Build.0 = Release|Any CPU
		{60221A80-4F6B-4050-9E5A-9B54C949D73F}.Debug|Any CPU.ActiveCfg = Debug|Any CPU
		{60221A80-4F6B-4050-9E5A-9B54C949D73F}.Debug|Any CPU.Build.0 = Debug|Any CPU
		{60221A80-4F6B-4050-9E5A-9B54C949D73F}.Release|Any CPU.ActiveCfg = Release|Any CPU
		{60221A80-4F6B-4050-9E5A-9B54C949D73F}.Release|Any CPU.Build.0 = Release|Any CPU
		{10DC05E7-4056-4017-9AF0-5E201C925942}.Debug|Any CPU.ActiveCfg = Debug|Any CPU
		{10DC05E7-4056-4017-9AF0-5E201C925942}.Debug|Any CPU.Build.0 = Debug|Any CPU
		{10DC05E7-4056-4017-9AF0-5E201C925942}.Release|Any CPU.ActiveCfg = Release|Any CPU
		{10DC05E7-4056-4017-9AF0-5E201C925942}.Release|Any CPU.Build.0 = Release|Any CPU
		{A0F11CFD-E65F-4113-8FDD-ED88833C4668}.Debug|Any CPU.ActiveCfg = Debug|Any CPU
		{A0F11CFD-E65F-4113-8FDD-ED88833C4668}.Debug|Any CPU.Build.0 = Debug|Any CPU
		{A0F11CFD-E65F-4113-8FDD-ED88833C4668}.Release|Any CPU.ActiveCfg = Release|Any CPU
		{A0F11CFD-E65F-4113-8FDD-ED88833C4668}.Release|Any CPU.Build.0 = Release|Any CPU
	EndGlobalSection
	GlobalSection(SolutionProperties) = preSolution
		HideSolutionNode = FALSE
	EndGlobalSection
	GlobalSection(ExtensibilityGlobals) = postSolution
		SolutionGuid = {82EE35D6-1689-459B-8294-755C20214AED}
	EndGlobalSection
EndGlobal
